{
  "name": "win-media-control",
  "version": "1.0.0",
  "lockfileVersion": 3,
  "requires": true,
  "packages": {
    "": {
      "name": "win-media-control",
      "version": "1.0.0",
      "license": "MIT",
      "os": [
        "win32"
      ],
      "bin": {
        "win-media-control": "bin/win-media-control.js"
      },
      "engines": {
        "node": ">=14.0.0"
      }
    }
  }
}
